
Microsoft Visual Studio Solution File, Format Version 12.00
# Visual Studio Version 16
VisualStudioVersion = 16.0.31702.278
MinimumVisualStudioVersion = 10.0.40219.1
Project("{FAE04EC0-301F-11D3-BF4B-00C04F79EFBC}") = "ToDoList WPF", "ToDoList WPF\ToDoList WPF.csproj", "{0CE2FB56-3F62-435E-A80A-4962EF204AF9}"
EndProject
Global
	GlobalSection(SolutionConfigurationPlatforms) = preSolution
		Debug|Any CPU = Debug|Any CPU
		Release|Any CPU = Release|Any CPU
	EndGlobalSection
	GlobalSection(ProjectConfigurationPlatforms) = postSolution
		{0CE2FB56-3F62-435E-A80A-4962EF204AF9}.Debug|Any CPU.ActiveCfg = Debug|Any CPU
		{0CE2FB56-3F62-435E-A80A-4962EF204AF9}.Debug|Any CPU.Build.0 = Debug|Any CPU
		{0CE2FB56-3F62-435E-A80A-4962EF204AF9}.Release|Any CPU.ActiveCfg = Release|Any CPU
		{0CE2FB56-3F62-435E-A80A-4962EF204AF9}.Release|Any CPU.Build.0 = Release|Any CPU
	EndGlobalSection
	GlobalSection(SolutionProperties) = preSolution
		HideSolutionNode = FALSE
	EndGlobalSection
	GlobalSection(ExtensibilityGlobals) = postSolution
		SolutionGuid = {AE2638E3-0455-4DE3-8C83-03D88E4573D4}
	EndGlobalSection
EndGlobal
