
Microsoft Visual Studio Solution File, Format Version 12.00
# Visual Studio Version 16
VisualStudioVersion = 16.0.31702.278
MinimumVisualStudioVersion = 10.0.40219.1
Project("{FAE04EC0-301F-11D3-BF4B-00C04F79EFBC}") = "BasedeDadesToDo", "BasedeDadesToDo\BasedeDadesToDo.csproj", "{C3F87872-D779-4A26-9740-FB942E593AF2}"
EndProject
Global
	GlobalSection(SolutionConfigurationPlatforms) = preSolution
		Debug|Any CPU = Debug|Any CPU
		Release|Any CPU = Release|Any CPU
	EndGlobalSection
	GlobalSection(ProjectConfigurationPlatforms) = postSolution
		{C3F87872-D779-4A26-9740-FB942E593AF2}.Debug|Any CPU.ActiveCfg = Debug|Any CPU
		{C3F87872-D779-4A26-9740-FB942E593AF2}.Debug|Any CPU.Build.0 = Debug|Any CPU
		{C3F87872-D779-4A26-9740-FB942E593AF2}.Release|Any CPU.ActiveCfg = Release|Any CPU
		{C3F87872-D779-4A26-9740-FB942E593AF2}.Release|Any CPU.Build.0 = Release|Any CPU
	EndGlobalSection
	GlobalSection(SolutionProperties) = preSolution
		HideSolutionNode = FALSE
	EndGlobalSection
	GlobalSection(ExtensibilityGlobals) = postSolution
		SolutionGuid = {8C28AAAE-D193-4A40-96DD-25442E26DE9B}
	EndGlobalSection
EndGlobal
